PODS:
  - Flutter (1.0.0)
  - path_provider (0.0.1):
    - Flutter

DEPENDENCIES:
  - Flutter (from `/Users/f.souto.gonzalez/Documents/FlutterProjects/flutter/bin/cache/artifacts/engine/ios`)
  - path_provider (from `/Users/f.souto.gonzalez/Documents/FlutterProjects/flutter/.pub-cache/hosted/pub.dartlang.org/path_provider-1.3.0/ios`)

EXTERNAL SOURCES:
  Flutter:
    :path: "/Users/f.souto.gonzalez/Documents/FlutterProjects/flutter/bin/cache/artifacts/engine/ios"
  path_provider:
    :path: "/Users/f.souto.gonzalez/Documents/FlutterProjects/flutter/.pub-cache/hosted/pub.dartlang.org/path_provider-1.3.0/ios"

SPEC CHECKSUMS:
  Flutter: 0e3d915762c693b495b44d77113d4970485de6ec
  path_provider: f96fff6166a8867510d2c25fdcc346327cc4b259

PODFILE CHECKSUM: 351e02e34b831289961ec3558a535cbd2c4965d2

COCOAPODS: 1.7.3
